
Microsoft Visual Studio Solution File, Format Version 12.00
# Visual Studio Version 17
VisualStudioVersion = 17.5.002.0
MinimumVisualStudioVersion = 10.0.40219.1
Project("{9A19103F-16F7-4668-BE54-9A1E7A4F7556}") = "university_proj", "university_proj.csproj", "{571B6E49-5F47-4183-9CBA-5C965FB34C60}"
EndProject
Global
	GlobalSection(SolutionConfigurationPlatforms) = preSolution
		Debug|Any CPU = Debug|Any CPU
		Release|Any CPU = Release|Any CPU
	EndGlobalSection
	GlobalSection(ProjectConfigurationPlatforms) = postSolution
		{571B6E49-5F47-4183-9CBA-5C965FB34C60}.Debug|Any CPU.ActiveCfg = Debug|Any CPU
		{571B6E49-5F47-4183-9CBA-5C965FB34C60}.Debug|Any CPU.Build.0 = Debug|Any CPU
		{571B6E49-5F47-4183-9CBA-5C965FB34C60}.Release|Any CPU.ActiveCfg = Release|Any CPU
		{571B6E49-5F47-4183-9CBA-5C965FB34C60}.Release|Any CPU.Build.0 = Release|Any CPU
	EndGlobalSection
	GlobalSection(SolutionProperties) = preSolution
		HideSolutionNode = FALSE
	EndGlobalSection
	GlobalSection(ExtensibilityGlobals) = postSolution
		SolutionGuid = {940F322B-BE38-41E8-91BD-BC7C85E26809}
	EndGlobalSection
EndGlobal
